
Microsoft Visual Studio Solution File, Format Version 12.00
# Visual Studio Version 16
VisualStudioVersion = 16.0.30413.136
MinimumVisualStudioVersion = 10.0.40219.1
Project("{FAE04EC0-301F-11D3-BF4B-00C04F79EFBC}") = "Practical4Ex2", "Practical4Ex2\Practical4Ex2.csproj", "{BBE85AEF-6649-45B7-957E-5F75C09C1247}"
EndProject
Global
	GlobalSection(SolutionConfigurationPlatforms) = preSolution
		Debug|Any CPU = Debug|Any CPU
		Release|Any CPU = Release|Any CPU
	EndGlobalSection
	GlobalSection(ProjectConfigurationPlatforms) = postSolution
		{BBE85AEF-6649-45B7-957E-5F75C09C1247}.Debug|Any CPU.ActiveCfg = Debug|Any CPU
		{BBE85AEF-6649-45B7-957E-5F75C09C1247}.Debug|Any CPU.Build.0 = Debug|Any CPU
		{BBE85AEF-6649-45B7-957E-5F75C09C1247}.Release|Any CPU.ActiveCfg = Release|Any CPU
		{BBE85AEF-6649-45B7-957E-5F75C09C1247}.Release|Any CPU.Build.0 = Release|Any CPU
	EndGlobalSection
	GlobalSection(SolutionProperties) = preSolution
		HideSolutionNode = FALSE
	EndGlobalSection
	GlobalSection(ExtensibilityGlobals) = postSolution
		SolutionGuid = {2539A165-5CD7-4875-AA0C-F52C9177C22F}
	EndGlobalSection
EndGlobal
